// !$*UTF8*$!
{
	archiveVersion = 1;
	classes = {
	};
	objectVersion = 46;
	objects = {

/* Begin PBXBuildFile section */
		166DD13A1EA13D29009D985C /* main.m in Sources */ = {isa = PBXBuildFile; fileRef = 166DD1391EA13D29009D985C /* main.m */; };
		166DD13D1EA13D29009D985C /* AppDelegate.m in Sources */ = {isa = PBXBuildFile; fileRef = 166DD13C1EA13D29009D985C /* AppDelegate.m */; };
		166DD1401EA13D29009D985C /* ViewController.m in Sources */ = {isa = PBXBuildFile; fileRef = 166DD13F1EA13D29009D985C /* ViewController.m */; };
		166DD1431EA13D29009D985C /* Main.storyboard in Resources */ = {isa = PBXBuildFile; fileRef = 166DD1411EA13D29009D985C /* Main.storyboard */; };
		166DD1451EA13D29009D985C /* Assets.xcassets in Resources */ = {isa = PBXBuildFile; fileRef = 166DD1441EA13D29009D985C /* Assets.xcassets */; };
		166DD1481EA13D29009D985C /* LaunchScreen.storyboard in Resources */ = {isa = PBXBuildFile; fileRef = 166DD1461EA13D29009D985C /* LaunchScreen.storyboard */; };
		166DD1531EA13D29009D985C /* PeerReview3UITests.m in Sources */ = {isa = PBXBuildFile; fileRef = 166DD1521EA13D29009D985C /* PeerReview3UITests.m */; };
/* End PBXBuildFile section */

/* Begin PBXContainerItemProxy section */
		166DD14F1EA13D29009D985C /* PBXContainerItemProxy */ = {
			isa = PBXContainerItemProxy;
			containerPortal = 166DD12D1EA13D29009D985C /* Project object */;
			proxyType = 1;
			remoteGlobalIDString = 166DD1341EA13D29009D985C;
			remoteInfo = PeerReview3;
		};
/* End PBXContainerItemProxy section */

/* Begin PBXFileReference section */
		166DD1351EA13D29009D985C /* PeerReview3.app */ = {isa = PBXFileReference; explicitFileType = wrapper.application; includeInIndex = 0; path = PeerReview3.app; sourceTree = BUILT_PRODUCTS_DIR; };
		166DD1391EA13D29009D985C /* main.m */ = {isa = PBXFileReference; lastKnownFileType = sourcecode.c.objc; path = main.m; sourceTree = "<group>"; };
		166DD13B1EA13D29009D985C /* AppDelegate.h */ = {isa = PBXFileReference; lastKnownFileType = sourcecode.c.h; path = AppDelegate.h; sourceTree = "<group>"; };
		166DD13C1EA13D29009D985C /* AppDelegate.m */ = {isa = PBXFileReference; lastKnownFileType = sourcecode.c.objc; path = AppDelegate.m; sourceTree = "<group>"; };
		166DD13E1EA13D29009D985C /* ViewController.h */ = {isa = PBXFileReference; lastKnownFileType = sourcecode.c.h; path = ViewController.h; sourceTree = "<group>"; };
		166DD13F1EA13D29009D985C /* ViewController.m */ = {isa = PBXFileReference; lastKnownFileType = sourcecode.c.objc; path = ViewController.m; sourceTree = "<group>"; };
		166DD1421EA13D29009D985C /* Base */ = {isa = PBXFileReference; lastKnownFileType = file.storyboard; name = Base; path = Base.lproj/Main.storyboard; sourceTree = "<group>"; };
		166DD1441EA13D29009D985C /* Assets.xcassets */ = {isa = PBXFileReference; lastKnownFileType = folder.assetcatalog; path = Assets.xcassets; sourceTree = "<group>"; };
		166DD1471EA13D29009D985C /* Base */ = {isa = PBXFileReference; lastKnownFileType = file.storyboard; name = Base; path = Base.lproj/LaunchScreen.storyboard; sourceTree = "<group>"; };
		166DD1491EA13D29009D985C /* Info.plist */ = {isa = PBXFileReference; lastKnownFileType = text.plist.xml; path = Info.plist; sourceTree = "<group>"; };
		166DD14E1EA13D29009D985C /* PeerReview3UITests.xctest */ = {isa = PBXFileReference; explicitFileType = wrapper.cfbundle; includeInIndex = 0; path = PeerReview3UITests.xctest; sourceTree = BUILT_PRODUCTS_DIR; };
		166DD1521EA13D29009D985C /* PeerReview3UITests.m */ = {isa = PBXFileReference; lastKnownFileType = sourcecode.c.objc; path = PeerReview3UITests.m; sourceTree = "<group>"; };
		166DD1541EA13D29009D985C /* Info.plist */ = {isa = PBXFileReference; lastKnownFileType = text.plist.xml; path = Info.plist; sourceTree = "<group>"; };
/* End PBXFileReference section */

/* Begin PBXFrameworksBuildPhase section */
		166DD1321EA13D29009D985C /* Frameworks */ = {
			isa = PBXFrameworksBuildPhase;
			buildActionMask = 2147483647;
			files = (
			);
			runOnlyForDeploymentPostprocessing = 0;
		};
		166DD14B1EA13D29009D985C /* Frameworks */ = {
			isa = PBXFrameworksBuildPhase;
			buildActionMask = 2147483647;
			files = (
			);
			runOnlyForDeploymentPostprocessing = 0;
		};
/* End PBXFrameworksBuildPhase section */

/* Begin PBXGroup section */
		166DD12C1EA13D29009D985C = {
			isa = PBXGroup;
			children = (
				166DD1371EA13D29009D985C /* PeerReview3 */,
				166DD1511EA13D29009D985C /* PeerReview3UITests */,
				166DD1361EA13D29009D985C /* Products */,
			);
			sourceTree = "<group>";
		};
		166DD1361EA13D29009D985C /* Products */ = {
			isa = PBXGroup;
			children = (
				166DD1351EA13D29009D985C /* PeerReview3.app */,
				166DD14E1EA13D29009D985C /* PeerReview3UITests.xctest */,
			);
			name = Products;
			sourceTree = "<group>";
		};
		166DD1371EA13D29009D985C /* PeerReview3 */ = {
			isa = PBXGroup;
			children = (
				166DD13B1EA13D29009D985C /* AppDelegate.h */,
				166DD13C1EA13D29009D985C /* AppDelegate.m */,
				166DD13E1EA13D29009D985C /* ViewController.h */,
				166DD13F1EA13D29009D985C /* ViewController.m */,
				166DD1411EA13D29009D985C /* Main.storyboard */,
				166DD1441EA13D29009D985C /* Assets.xcassets */,
				166DD1461EA13D29009D985C /* LaunchScreen.storyboard */,
				166DD1491EA13D29009D985C /* Info.plist */,
				166DD1381EA13D29009D985C /* Supporting Files */,
			);
			path = PeerReview3;
			sourceTree = "<group>";
		};
		166DD1381EA13D29009D985C /* Supporting Files */ = {
			isa = PBXGroup;
			children = (
				166DD1391EA13D29009D985C /* main.m */,
			);
			name = "Supporting Files";
			sourceTree = "<group>";
		};
		166DD1511EA13D29009D985C /* PeerReview3UITests */ = {
			isa = PBXGroup;
			children = (
				166DD1521EA13D29009D985C /* PeerReview3UITests.m */,
				166DD1541EA13D29009D985C /* Info.plist */,
			);
			path = PeerReview3UITests;
			sourceTree = "<group>";
		};
/* End PBXGroup section */

/* Begin PBXNativeTarget section */
		166DD1341EA13D29009D985C /* PeerReview3 */ = {
			isa = PBXNativeTarget;
			buildConfigurationList = 166DD1571EA13D29009D985C /* Build configuration list for PBXNativeTarget "PeerReview3" */;
			buildPhases = (
				166DD1311EA13D29009D985C /* Sources */,
				166DD1321EA13D29009D985C /* Frameworks */,
				166DD1331EA13D29009D985C /* Resources */,
			);
			buildRules = (
			);
			dependencies = (
			);
			name = PeerReview3;
			productName = PeerReview3;
			productReference = 166DD1351EA13D29009D985C /* PeerReview3.app */;
			productType = "com.apple.product-type.application";
		};
		166DD14D1EA13D29009D985C /* PeerReview3UITests */ = {
			isa = PBXNativeTarget;
			buildConfigurationList = 166DD15A1EA13D29009D985C /* Build configuration list for PBXNativeTarget "PeerReview3UITests" */;
			buildPhases = (
				166DD14A1EA13D29009D985C /* Sources */,
				166DD14B1EA13D29009D985C /* Frameworks */,
				166DD14C1EA13D29009D985C /* Resources */,
			);
			buildRules = (
			);
			dependencies = (
				166DD1501EA13D29009D985C /* PBXTargetDependency */,
			);
			name = PeerReview3UITests;
			productName = PeerReview3UITests;
			productReference = 166DD14E1EA13D29009D985C /* PeerReview3UITests.xctest */;
			productType = "com.apple.product-type.bundle.ui-testing";
		};
/* End PBXNativeTarget section */

/* Begin PBXProject section */
		166DD12D1EA13D29009D985C /* Project object */ = {
			isa = PBXProject;
			attributes = {
				LastUpgradeCheck = 0830;
				ORGANIZATIONNAME = "Ananta Shahane";
				TargetAttributes = {
					166DD1341EA13D29009D985C = {
						CreatedOnToolsVersion = 8.3.1;
						ProvisioningStyle = Automatic;
					};
					166DD14D1EA13D29009D985C = {
						CreatedOnToolsVersion = 8.3.1;
						ProvisioningStyle = Automatic;
						TestTargetID = 166DD1341EA13D29009D985C;
					};
				};
			};
			buildConfigurationList = 166DD1301EA13D29009D985C /* Build configuration list for PBXProject "PeerReview3" */;
			compatibilityVersion = "Xcode 3.2";
			developmentRegion = English;
			hasScannedForEncodings = 0;
			knownRegions = (
				en,
				Base,
			);
			mainGroup = 166DD12C1EA13D29009D985C;
			productRefGroup = 166DD1361EA13D29009D985C /* Products */;
			projectDirPath = "";
			projectRoot = "";
			targets = (
				166DD1341EA13D29009D985C /* PeerReview3 */,
				166DD14D1EA13D29009D985C /* PeerReview3UITests */,
			);
		};
/* End PBXProject section */

/* Begin PBXResourcesBuildPhase section */
		166DD1331EA13D29009D985C /* Resources */ = {
			isa = PBXResourcesBuildPhase;
			buildActionMask = 2147483647;
			files = (
				166DD1481EA13D29009D985C /* LaunchScreen.storyboard in Resources */,
				166DD1451EA13D29009D985C /* Assets.xcassets in Resources */,
				166DD1431EA13D29009D985C /* Main.storyboard in Resources */,
			);
			runOnlyForDeploymentPostprocessing = 0;
		};
		166DD14C1EA13D29009D985C /* Resources */ = {
			isa = PBXResourcesBuildPhase;
			buildActionMask = 2147483647;
			files = (
			);
			runOnlyForDeploymentPostprocessing = 0;
		};
/* End PBXResourcesBuildPhase section */

/* Begin PBXSourcesBuildPhase section */
		166DD1311EA13D29009D985C /* Sources */ = {
			isa = PBXSourcesBuildPhase;
			buildActionMask = 2147483647;
			files = (
				166DD1401EA13D29009D985C /* ViewController.m in Sources */,
				166DD13D1EA13D29009D985C /* AppDelegate.m in Sources */,
				166DD13A1EA13D29009D985C /* main.m in Sources */,
			);
			runOnlyForDeploymentPostprocessing = 0;
		};
		166DD14A1EA13D29009D985C /* Sources */ = {
			isa = PBXSourcesBuildPhase;
			buildActionMask = 2147483647;
			files = (
				166DD1531EA13D29009D985C /* PeerReview3UITests.m in Sources */,
			);
			runOnlyForDeploymentPostprocessing = 0;
		};
/* End PBXSourcesBuildPhase section */

/* Begin PBXTargetDependency section */
		166DD1501EA13D29009D985C /* PBXTargetDependency */ = {
			isa = PBXTargetDependency;
			target = 166DD1341EA13D29009D985C /* PeerReview3 */;
			targetProxy = 166DD14F1EA13D29009D985C /* PBXContainerItemProxy */;
		};
/* End PBXTargetDependency section */

/* Begin PBXVariantGroup section */
		166DD1411EA13D29009D985C /* Main.storyboard */ = {
			isa = PBXVariantGroup;
			children = (
				166DD1421EA13D29009D985C /* Base */,
			);
			name = Main.storyboard;
			sourceTree = "<group>";
		};
		166DD1461EA13D29009D985C /* LaunchScreen.storyboard */ = {
			isa = PBXVariantGroup;
			children = (
				166DD1471EA13D29009D985C /* Base */,
			);
			name = LaunchScreen.storyboard;
			sourceTree = "<group>";
		};
/* End PBXVariantGroup section */

/* Begin XCBuildConfiguration section */
		166DD1551EA13D29009D985C /* Debug */ = {
			isa = XCBuildConfiguration;
			buildSettings = {
				ALWAYS_SEARCH_USER_PATHS = NO;
				CLANG_ANALYZER_NONNULL = YES;
				CLANG_ANALYZER_NUMBER_OBJECT_CONVERSION = YES_AGGRESSIVE;
				CLANG_CXX_LANGUAGE_STANDARD = "gnu++0x";
				CLANG_CXX_LIBRARY = "libc++";
				CLANG_ENABLE_MODULES = YES;
				CLANG_ENABLE_OBJC_ARC = YES;
				CLANG_WARN_BOOL_CONVERSION = YES;
				CLANG_WARN_CONSTANT_CONVERSION = YES;
				CLANG_WARN_DIRECT_OBJC_ISA_USAGE = YES_ERROR;
				CLANG_WARN_DOCUMENTATION_COMMENTS = YES;
				CLANG_WARN_EMPTY_BODY = YES;
				CLANG_WARN_ENUM_CONVERSION = YES;
				CLANG_WARN_INFINITE_RECURSION = YES;
				CLANG_WARN_INT_CONVERSION = YES;
				CLANG_WARN_OBJC_ROOT_CLASS = YES_ERROR;
				CLANG_WARN_SUSPICIOUS_MOVE = YES;
				CLANG_WARN_UNREACHABLE_CODE = YES;
				CLANG_WARN__DUPLICATE_METHOD_MATCH = YES;
				"CODE_SIGN_IDENTITY[sdk=iphoneos*]" = "iPhone Developer";
				COPY_PHASE_STRIP = NO;
				DEBUG_INFORMATION_FORMAT = dwarf;
				ENABLE_STRICT_OBJC_MSGSEND = YES;
				ENABLE_TESTABILITY = YES;
				GCC_C_LANGUAGE_STANDARD = gnu99;
				GCC_DYNAMIC_NO_PIC = NO;
				GCC_NO_COMMON_BLOCKS = YES;
				GCC_OPTIMIZATION_LEVEL = 0;
				GCC_PREPROCESSOR_DEFINITIONS = (
					"DEBUG=1",
					"$(inherited)",
				);
				GCC_WARN_64_TO_32_BIT_CONVERSION = YES;
				GCC_WARN_ABOUT_RETURN_TYPE = YES_ERROR;
				GCC_WARN_UNDECLARED_SELECTOR = YES;
				GCC_WARN_UNINITIALIZED_AUTOS = YES_AGGRESSIVE;
				GCC_WARN_UNUSED_FUNCTION = YES;
				GCC_WARN_UNUSED_VARIABLE = YES;
				IPHONEOS_DEPLOYMENT_TARGET = 10.3;
				MTL_ENABLE_DEBUG_INFO = YES;
				ONLY_ACTIVE_ARCH = YES;
				SDKROOT = iphoneos;
				TARGETED_DEVICE_FAMILY = "1,2";
			};
			name = Debug;
		};
		166DD1561EA13D29009D985C /* Release */ = {
			isa = XCBuildConfiguration;
			buildSettings = {
				ALWAYS_SEARCH_USER_PATHS = NO;
				CLANG_ANALYZER_NONNULL = YES;
				CLANG_ANALYZER_NUMBER_OBJECT_CONVERSION = YES_AGGRESSIVE;
				CLANG_CXX_LANGUAGE_STANDARD = "gnu++0x";
				CLANG_CXX_LIBRARY = "libc++";
				CLANG_ENABLE_MODULES = YES;
				CLANG_ENABLE_OBJC_ARC = YES;
				CLANG_WARN_BOOL_CONVERSION = YES;
				CLANG_WARN_CONSTANT_CONVERSION = YES;
				CLANG_WARN_DIRECT_OBJC_ISA_USAGE = YES_ERROR;
				CLANG_WARN_DOCUMENTATION_COMMENTS = YES;
				CLANG_WARN_EMPTY_BODY = YES;
				CLANG_WARN_ENUM_CONVERSION = YES;
				CLANG_WARN_INFINITE_RECURSION = YES;
				CLANG_WARN_INT_CONVERSION = YES;
				CLANG_WARN_OBJC_ROOT_CLASS = YES_ERROR;
				CLANG_WARN_SUSPICIOUS_MOVE = YES;
				CLANG_WARN_UNREACHABLE_CODE = YES;
				CLANG_WARN__DUPLICATE_METHOD_MATCH = YES;
				"CODE_SIGN_IDENTITY[sdk=iphoneos*]" = "iPhone Developer";
				COPY_PHASE_STRIP = NO;
				DEBUG_INFORMATION_FORMAT = "dwarf-with-dsym";
				ENABLE_NS_ASSERTIONS = NO;
				ENABLE_STRICT_OBJC_MSGSEND = YES;
				GCC_C_LANGUAGE_STANDARD = gnu99;
				GCC_NO_COMMON_BLOCKS = YES;
				GCC_WARN_64_TO_32_BIT_CONVERSION = YES;
				GCC_WARN_ABOUT_RETURN_TYPE = YES_ERROR;
				GCC_WARN_UNDECLARED_SELECTOR = YES;
				GCC_WARN_UNINITIALIZED_AUTOS = YES_AGGRESSIVE;
				GCC_WARN_UNUSED_FUNCTION = YES;
				GCC_WARN_UNUSED_VARIABLE = YES;
				IPHONEOS_DEPLOYMENT_TARGET = 10.3;
				MTL_ENABLE_DEBUG_INFO = NO;
				SDKROOT = iphoneos;
				TARGETED_DEVICE_FAMILY = "1,2";
				VALIDATE_PRODUCT = YES;
			};
			name = Release;
		};
		166DD1581EA13D29009D985C /* Debug */ = {
			isa = XCBuildConfiguration;
			buildSettings = {
				ASSETCATALOG_COMPILER_APPICON_NAME = AppIcon;
				INFOPLIST_FILE = PeerReview3/Info.plist;
				LD_RUNPATH_SEARCH_PATHS = "$(inherited) @executable_path/Frameworks";
				PRODUCT_BUNDLE_IDENTIFIER = Ananta.PeerReview3;
				PRODUCT_NAME = "$(TARGET_NAME)";
			};
			name = Debug;
		};
		166DD1591EA13D29009D985C /* Release */ = {
			isa = XCBuildConfiguration;
			buildSettings = {
				ASSETCATALOG_COMPILER_APPICON_NAME = AppIcon;
				INFOPLIST_FILE = PeerReview3/Info.plist;
				LD_RUNPATH_SEARCH_PATHS = "$(inherited) @executable_path/Frameworks";
				PRODUCT_BUNDLE_IDENTIFIER = Ananta.PeerReview3;
				PRODUCT_NAME = "$(TARGET_NAME)";
			};
			name = Release;
		};
		166DD15B1EA13D29009D985C /* Debug */ = {
			isa = XCBuildConfiguration;
			buildSettings = {
				INFOPLIST_FILE = PeerReview3UITests/Info.plist;
				LD_RUNPATH_SEARCH_PATHS = "$(inherited) @executable_path/Frameworks @loader_path/Frameworks";
				PRODUCT_BUNDLE_IDENTIFIER = Ananta.PeerReview3UITests;
				PRODUCT_NAME = "$(TARGET_NAME)";
				TEST_TARGET_NAME = PeerReview3;
			};
			name = Debug;
		};
		166DD15C1EA13D29009D985C /* Release */ = {
			isa = XCBuildConfiguration;
			buildSettings = {
				INFOPLIST_FILE = PeerReview3UITests/Info.plist;
				LD_RUNPATH_SEARCH_PATHS = "$(inherited) @executable_path/Frameworks @loader_path/Frameworks";
				PRODUCT_BUNDLE_IDENTIFIER = Ananta.PeerReview3UITests;
				PRODUCT_NAME = "$(TARGET_NAME)";
				TEST_TARGET_NAME = PeerReview3;
			};
			name = Release;
		};
/* End XCBuildConfiguration section */

/* Begin XCConfigurationList section */
		166DD1301EA13D29009D985C /* Build configuration list for PBXProject "PeerReview3" */ = {
			isa = XCConfigurationList;
			buildConfigurations = (
				166DD1551EA13D29009D985C /* Debug */,
				166DD1561EA13D29009D985C /* Release */,
			);
			defaultConfigurationIsVisible = 0;
			defaultConfigurationName = Release;
		};
		166DD1571EA13D29009D985C /* Build configuration list for PBXNativeTarget "PeerReview3" */ = {
			isa = XCConfigurationList;
			buildConfigurations = (
				166DD1581EA13D29009D985C /* Debug */,
				166DD1591EA13D29009D985C /* Release */,
			);
			defaultConfigurationIsVisible = 0;
		};
		166DD15A1EA13D29009D985C /* Build configuration list for PBXNativeTarget "PeerReview3UITests" */ = {
			isa = XCConfigurationList;
			buildConfigurations = (
				166DD15B1EA13D29009D985C /* Debug */,
				166DD15C1EA13D29009D985C /* Release */,
			);
			defaultConfigurationIsVisible = 0;
		};
/* End XCConfigurationList section */
	};
	rootObject = 166DD12D1EA13D29009D985C /* Project object */;
}
